
Microsoft Visual Studio Solution File, Format Version 12.00
# Visual Studio 15
VisualStudioVersion = 15.0.27130.2036
MinimumVisualStudioVersion = 10.0.40219.1
Project("{2150E333-8FDC-42A3-9474-1A3956D46DE8}") = "CounterApp", "CounterApp", "{CE8D5F8E-A9D2-43ED-B1B1-DFCF02C8DAE3}"
EndProject
Project("{2150E333-8FDC-42A3-9474-1A3956D46DE8}") = "MasterDetailApp", "MasterDetailApp", "{2FF17E28-E4DF-4919-A7AC-21FE64BC19FF}"
EndProject
Project("{6EC3EE1D-3C4E-46DD-8F32-0CC8E7565705}") = "CounterApp", "Samples\CounterApp\CounterApp\CounterApp.fsproj", "{7671F41B-64FD-4AB1-A176-E0A502B82F95}"
EndProject
Project("{FAE04EC0-301F-11D3-BF4B-00C04F79EFBC}") = "App4.UWP", "Samples\CounterApp\App4.UWP\App4.UWP.csproj", "{FC89B080-C381-48A9-8F4B-A2BA0ABBAFAB}"
EndProject
Project("{F2A71F9B-5D33-465A-A702-920D77279786}") = "Droid", "Samples\CounterApp\Droid\Droid.fsproj", "{2D3CBBD7-118F-4457-817E-0D60E03C5534}"
EndProject
Project("{6EC3EE1D-3C4E-46DD-8F32-0CC8E7565705}") = "MasterDetailApp", "Samples\MasterDetailApp\MasterDetailApp\MasterDetailApp.fsproj", "{6E1E6ECB-96A4-471D-8827-AA32881B8264}"
EndProject
Project("{F2A71F9B-5D33-465A-A702-920D77279786}") = "Droid", "Samples\MasterDetailApp\Droid\Droid.fsproj", "{2D3CBBD7-118F-4457-817E-0D60E03C5535}"
EndProject
Project("{2150E333-8FDC-42A3-9474-1A3956D46DE8}") = "paket", "paket", "{84AD0701-4FAA-4D87-8D34-572CE12C2214}"
EndProject
Global
	GlobalSection(SolutionConfigurationPlatforms) = preSolution
		Debug|Any CPU = Debug|Any CPU
		Debug|ARM = Debug|ARM
		Debug|x64 = Debug|x64
		Debug|x86 = Debug|x86
		Release|Any CPU = Release|Any CPU
		Release|ARM = Release|ARM
		Release|x64 = Release|x64
		Release|x86 = Release|x86
	EndGlobalSection
	GlobalSection(ProjectConfigurationPlatforms) = postSolution
		{7671F41B-64FD-4AB1-A176-E0A502B82F95}.Debug|Any CPU.ActiveCfg = Debug|Any CPU
		{7671F41B-64FD-4AB1-A176-E0A502B82F95}.Debug|Any CPU.Build.0 = Debug|Any CPU
		{7671F41B-64FD-4AB1-A176-E0A502B82F95}.Debug|ARM.ActiveCfg = Debug|Any CPU
		{7671F41B-64FD-4AB1-A176-E0A502B82F95}.Debug|ARM.Build.0 = Debug|Any CPU
		{7671F41B-64FD-4AB1-A176-E0A502B82F95}.Debug|x64.ActiveCfg = Debug|Any CPU
		{7671F41B-64FD-4AB1-A176-E0A502B82F95}.Debug|x64.Build.0 = Debug|Any CPU
		{7671F41B-64FD-4AB1-A176-E0A502B82F95}.Debug|x86.ActiveCfg = Debug|Any CPU
		{7671F41B-64FD-4AB1-A176-E0A502B82F95}.Debug|x86.Build.0 = Debug|Any CPU
		{7671F41B-64FD-4AB1-A176-E0A502B82F95}.Release|Any CPU.ActiveCfg = Release|Any CPU
		{7671F41B-64FD-4AB1-A176-E0A502B82F95}.Release|Any CPU.Build.0 = Release|Any CPU
		{7671F41B-64FD-4AB1-A176-E0A502B82F95}.Release|ARM.ActiveCfg = Release|Any CPU
		{7671F41B-64FD-4AB1-A176-E0A502B82F95}.Release|ARM.Build.0 = Release|Any CPU
		{7671F41B-64FD-4AB1-A176-E0A502B82F95}.Release|x64.ActiveCfg = Release|Any CPU
		{7671F41B-64FD-4AB1-A176-E0A502B82F95}.Release|x64.Build.0 = Release|Any CPU
		{7671F41B-64FD-4AB1-A176-E0A502B82F95}.Release|x86.ActiveCfg = Release|Any CPU
		{7671F41B-64FD-4AB1-A176-E0A502B82F95}.Release|x86.Build.0 = Release|Any CPU
		{FC89B080-C381-48A9-8F4B-A2BA0ABBAFAB}.Debug|Any CPU.ActiveCfg = Debug|x86
		{FC89B080-C381-48A9-8F4B-A2BA0ABBAFAB}.Debug|ARM.ActiveCfg = Debug|ARM
		{FC89B080-C381-48A9-8F4B-A2BA0ABBAFAB}.Debug|ARM.Build.0 = Debug|ARM
		{FC89B080-C381-48A9-8F4B-A2BA0ABBAFAB}.Debug|ARM.Deploy.0 = Debug|ARM
		{FC89B080-C381-48A9-8F4B-A2BA0ABBAFAB}.Debug|x64.ActiveCfg = Debug|x64
		{FC89B080-C381-48A9-8F4B-A2BA0ABBAFAB}.Debug|x64.Build.0 = Debug|x64
		{FC89B080-C381-48A9-8F4B-A2BA0ABBAFAB}.Debug|x64.Deploy.0 = Debug|x64
		{FC89B080-C381-48A9-8F4B-A2BA0ABBAFAB}.Debug|x86.ActiveCfg = Debug|x86
		{FC89B080-C381-48A9-8F4B-A2BA0ABBAFAB}.Debug|x86.Build.0 = Debug|x86
		{FC89B080-C381-48A9-8F4B-A2BA0ABBAFAB}.Debug|x86.Deploy.0 = Debug|x86
		{FC89B080-C381-48A9-8F4B-A2BA0ABBAFAB}.Release|Any CPU.ActiveCfg = Release|x86
		{FC89B080-C381-48A9-8F4B-A2BA0ABBAFAB}.Release|ARM.ActiveCfg = Release|ARM
		{FC89B080-C381-48A9-8F4B-A2BA0ABBAFAB}.Release|ARM.Build.0 = Release|ARM
		{FC89B080-C381-48A9-8F4B-A2BA0ABBAFAB}.Release|ARM.Deploy.0 = Release|ARM
		{FC89B080-C381-48A9-8F4B-A2BA0ABBAFAB}.Release|x64.ActiveCfg = Release|x64
		{FC89B080-C381-48A9-8F4B-A2BA0ABBAFAB}.Release|x64.Build.0 = Release|x64
		{FC89B080-C381-48A9-8F4B-A2BA0ABBAFAB}.Release|x64.Deploy.0 = Release|x64
		{FC89B080-C381-48A9-8F4B-A2BA0ABBAFAB}.Release|x86.ActiveCfg = Release|x86
		{FC89B080-C381-48A9-8F4B-A2BA0ABBAFAB}.Release|x86.Build.0 = Release|x86
		{FC89B080-C381-48A9-8F4B-A2BA0ABBAFAB}.Release|x86.Deploy.0 = Release|x86
		{2D3CBBD7-118F-4457-817E-0D60E03C5534}.Debug|Any CPU.ActiveCfg = Debug|Any CPU
		{2D3CBBD7-118F-4457-817E-0D60E03C5534}.Debug|Any CPU.Build.0 = Debug|Any CPU
		{2D3CBBD7-118F-4457-817E-0D60E03C5534}.Debug|Any CPU.Deploy.0 = Debug|Any CPU
		{2D3CBBD7-118F-4457-817E-0D60E03C5534}.Debug|ARM.ActiveCfg = Debug|Any CPU
		{2D3CBBD7-118F-4457-817E-0D60E03C5534}.Debug|ARM.Build.0 = Debug|Any CPU
		{2D3CBBD7-118F-4457-817E-0D60E03C5534}.Debug|ARM.Deploy.0 = Debug|Any CPU
		{2D3CBBD7-118F-4457-817E-0D60E03C5534}.Debug|x64.ActiveCfg = Debug|Any CPU
		{2D3CBBD7-118F-4457-817E-0D60E03C5534}.Debug|x64.Build.0 = Debug|Any CPU
		{2D3CBBD7-118F-4457-817E-0D60E03C5534}.Debug|x64.Deploy.0 = Debug|Any CPU
		{2D3CBBD7-118F-4457-817E-0D60E03C5534}.Debug|x86.ActiveCfg = Debug|Any CPU
		{2D3CBBD7-118F-4457-817E-0D60E03C5534}.Debug|x86.Build.0 = Debug|Any CPU
		{2D3CBBD7-118F-4457-817E-0D60E03C5534}.Debug|x86.Deploy.0 = Debug|Any CPU
		{2D3CBBD7-118F-4457-817E-0D60E03C5534}.Release|Any CPU.ActiveCfg = Release|Any CPU
		{2D3CBBD7-118F-4457-817E-0D60E03C5534}.Release|Any CPU.Build.0 = Release|Any CPU
		{2D3CBBD7-118F-4457-817E-0D60E03C5534}.Release|Any CPU.Deploy.0 = Release|Any CPU
		{2D3CBBD7-118F-4457-817E-0D60E03C5534}.Release|ARM.ActiveCfg = Release|Any CPU
		{2D3CBBD7-118F-4457-817E-0D60E03C5534}.Release|ARM.Build.0 = Release|Any CPU
		{2D3CBBD7-118F-4457-817E-0D60E03C5534}.Release|ARM.Deploy.0 = Release|Any CPU
		{2D3CBBD7-118F-4457-817E-0D60E03C5534}.Release|x64.ActiveCfg = Release|Any CPU
		{2D3CBBD7-118F-4457-817E-0D60E03C5534}.Release|x64.Build.0 = Release|Any CPU
		{2D3CBBD7-118F-4457-817E-0D60E03C5534}.Release|x64.Deploy.0 = Release|Any CPU
		{2D3CBBD7-118F-4457-817E-0D60E03C5534}.Release|x86.ActiveCfg = Release|Any CPU
		{2D3CBBD7-118F-4457-817E-0D60E03C5534}.Release|x86.Build.0 = Release|Any CPU
		{2D3CBBD7-118F-4457-817E-0D60E03C5534}.Release|x86.Deploy.0 = Release|Any CPU
		{6E1E6ECB-96A4-471D-8827-AA32881B8264}.Debug|Any CPU.ActiveCfg = Debug|Any CPU
		{6E1E6ECB-96A4-471D-8827-AA32881B8264}.Debug|Any CPU.Build.0 = Debug|Any CPU
		{6E1E6ECB-96A4-471D-8827-AA32881B8264}.Debug|ARM.ActiveCfg = Debug|Any CPU
		{6E1E6ECB-96A4-471D-8827-AA32881B8264}.Debug|ARM.Build.0 = Debug|Any CPU
		{6E1E6ECB-96A4-471D-8827-AA32881B8264}.Debug|x64.ActiveCfg = Debug|Any CPU
		{6E1E6ECB-96A4-471D-8827-AA32881B8264}.Debug|x64.Build.0 = Debug|Any CPU
		{6E1E6ECB-96A4-471D-8827-AA32881B8264}.Debug|x86.ActiveCfg = Debug|Any CPU
		{6E1E6ECB-96A4-471D-8827-AA32881B8264}.Debug|x86.Build.0 = Debug|Any CPU
		{6E1E6ECB-96A4-471D-8827-AA32881B8264}.Release|Any CPU.ActiveCfg = Release|Any CPU
		{6E1E6ECB-96A4-471D-8827-AA32881B8264}.Release|Any CPU.Build.0 = Release|Any CPU
		{6E1E6ECB-96A4-471D-8827-AA32881B8264}.Release|ARM.ActiveCfg = Release|Any CPU
		{6E1E6ECB-96A4-471D-8827-AA32881B8264}.Release|ARM.Build.0 = Release|Any CPU
		{6E1E6ECB-96A4-471D-8827-AA32881B8264}.Release|x64.ActiveCfg = Release|Any CPU
		{6E1E6ECB-96A4-471D-8827-AA32881B8264}.Release|x64.Build.0 = Release|Any CPU
		{6E1E6ECB-96A4-471D-8827-AA32881B8264}.Release|x86.ActiveCfg = Release|Any CPU
		{6E1E6ECB-96A4-471D-8827-AA32881B8264}.Release|x86.Build.0 = Release|Any CPU
		{2D3CBBD7-118F-4457-817E-0D60E03C5535}.Debug|Any CPU.ActiveCfg = Debug|Any CPU
		{2D3CBBD7-118F-4457-817E-0D60E03C5535}.Debug|Any CPU.Build.0 = Debug|Any CPU
		{2D3CBBD7-118F-4457-817E-0D60E03C5535}.Debug|Any CPU.Deploy.0 = Debug|Any CPU
		{2D3CBBD7-118F-4457-817E-0D60E03C5535}.Debug|ARM.ActiveCfg = Debug|Any CPU
		{2D3CBBD7-118F-4457-817E-0D60E03C5535}.Debug|ARM.Build.0 = Debug|Any CPU
		{2D3CBBD7-118F-4457-817E-0D60E03C5535}.Debug|ARM.Deploy.0 = Debug|Any CPU
		{2D3CBBD7-118F-4457-817E-0D60E03C5535}.Debug|x64.ActiveCfg = Debug|Any CPU
		{2D3CBBD7-118F-4457-817E-0D60E03C5535}.Debug|x64.Build.0 = Debug|Any CPU
		{2D3CBBD7-118F-4457-817E-0D60E03C5535}.Debug|x64.Deploy.0 = Debug|Any CPU
		{2D3CBBD7-118F-4457-817E-0D60E03C5535}.Debug|x86.ActiveCfg = Debug|Any CPU
		{2D3CBBD7-118F-4457-817E-0D60E03C5535}.Debug|x86.Build.0 = Debug|Any CPU
		{2D3CBBD7-118F-4457-817E-0D60E03C5535}.Debug|x86.Deploy.0 = Debug|Any CPU
		{2D3CBBD7-118F-4457-817E-0D60E03C5535}.Release|Any CPU.ActiveCfg = Release|Any CPU
		{2D3CBBD7-118F-4457-817E-0D60E03C5535}.Release|Any CPU.Build.0 = Release|Any CPU
		{2D3CBBD7-118F-4457-817E-0D60E03C5535}.Release|Any CPU.Deploy.0 = Release|Any CPU
		{2D3CBBD7-118F-4457-817E-0D60E03C5535}.Release|ARM.ActiveCfg = Release|Any CPU
		{2D3CBBD7-118F-4457-817E-0D60E03C5535}.Release|ARM.Build.0 = Release|Any CPU
		{2D3CBBD7-118F-4457-817E-0D60E03C5535}.Release|ARM.Deploy.0 = Release|Any CPU
		{2D3CBBD7-118F-4457-817E-0D60E03C5535}.Release|x64.ActiveCfg = Release|Any CPU
		{2D3CBBD7-118F-4457-817E-0D60E03C5535}.Release|x64.Build.0 = Release|Any CPU
		{2D3CBBD7-118F-4457-817E-0D60E03C5535}.Release|x64.Deploy.0 = Release|Any CPU
		{2D3CBBD7-118F-4457-817E-0D60E03C5535}.Release|x86.ActiveCfg = Release|Any CPU
		{2D3CBBD7-118F-4457-817E-0D60E03C5535}.Release|x86.Build.0 = Release|Any CPU
		{2D3CBBD7-118F-4457-817E-0D60E03C5535}.Release|x86.Deploy.0 = Release|Any CPU
	EndGlobalSection
	GlobalSection(SolutionProperties) = preSolution
		HideSolutionNode = FALSE
	EndGlobalSection
	GlobalSection(NestedProjects) = preSolution
		{7671F41B-64FD-4AB1-A176-E0A502B82F95} = {CE8D5F8E-A9D2-43ED-B1B1-DFCF02C8DAE3}
		{FC89B080-C381-48A9-8F4B-A2BA0ABBAFAB} = {CE8D5F8E-A9D2-43ED-B1B1-DFCF02C8DAE3}
		{2D3CBBD7-118F-4457-817E-0D60E03C5534} = {CE8D5F8E-A9D2-43ED-B1B1-DFCF02C8DAE3}
		{6E1E6ECB-96A4-471D-8827-AA32881B8264} = {2FF17E28-E4DF-4919-A7AC-21FE64BC19FF}
		{2D3CBBD7-118F-4457-817E-0D60E03C5535} = {2FF17E28-E4DF-4919-A7AC-21FE64BC19FF}
	EndGlobalSection
	GlobalSection(ExtensibilityGlobals) = postSolution
		SolutionGuid = {F30DDF7B-F180-4E66-BDA7-CE4D213A944A}
	EndGlobalSection
EndGlobal
